
Microsoft Visual Studio Solution File, Format Version 12.00
# Visual Studio Version 17
VisualStudioVersion = 17.10.35027.167
MinimumVisualStudioVersion = 10.0.40219.1
Project("{FAE04EC0-301F-11D3-BF4B-00C04F79EFBC}") = "thirdProject", "thirdProject.csproj", "{7BAF8D1B-5CF8-454E-B273-6ABE6E325C85}"
EndProject
Global
	GlobalSection(SolutionConfigurationPlatforms) = preSolution
		Debug|Any CPU = Debug|Any CPU
		Release|Any CPU = Release|Any CPU
	EndGlobalSection
	GlobalSection(ProjectConfigurationPlatforms) = postSolution
		{7BAF8D1B-5CF8-454E-B273-6ABE6E325C85}.Debug|Any CPU.ActiveCfg = Debug|Any CPU
		{7BAF8D1B-5CF8-454E-B273-6ABE6E325C85}.Debug|Any CPU.Build.0 = Debug|Any CPU
		{7BAF8D1B-5CF8-454E-B273-6ABE6E325C85}.Release|Any CPU.ActiveCfg = Release|Any CPU
		{7BAF8D1B-5CF8-454E-B273-6ABE6E325C85}.Release|Any CPU.Build.0 = Release|Any CPU
	EndGlobalSection
	GlobalSection(SolutionProperties) = preSolution
		HideSolutionNode = FALSE
	EndGlobalSection
	GlobalSection(ExtensibilityGlobals) = postSolution
		SolutionGuid = {D381CBFC-C517-4EEA-804D-7653FC53B3FD}
	EndGlobalSection
EndGlobal
